
Microsoft Visual Studio Solution File, Format Version 12.00
Project("{FAE04EC0-301F-11D3-BF4B-00C04F79EFBC}") = "VersionApi", "VersionApi\VersionApi.csproj", "{2D0A0DA0-A9D0-4039-AF6F-11D86C9A967A}"
EndProject
Global
	GlobalSection(SolutionConfigurationPlatforms) = preSolution
		Debug|Any CPU = Debug|Any CPU
		Release|Any CPU = Release|Any CPU
	EndGlobalSection
	GlobalSection(ProjectConfigurationPlatforms) = postSolution
		{2D0A0DA0-A9D0-4039-AF6F-11D86C9A967A}.Debug|Any CPU.ActiveCfg = Debug|Any CPU
		{2D0A0DA0-A9D0-4039-AF6F-11D86C9A967A}.Debug|Any CPU.Build.0 = Debug|Any CPU
		{2D0A0DA0-A9D0-4039-AF6F-11D86C9A967A}.Release|Any CPU.ActiveCfg = Release|Any CPU
		{2D0A0DA0-A9D0-4039-AF6F-11D86C9A967A}.Release|Any CPU.Build.0 = Release|Any CPU
	EndGlobalSection
EndGlobal
